
Microsoft Visual Studio Solution File, Format Version 12.00
# Visual Studio Version 16
VisualStudioVersion = 16.0.31515.178
MinimumVisualStudioVersion = 10.0.40219.1
Project("{8BC9CEB8-8B4A-11D0-8D11-00A0C91BC942}") = "AviaProject", "AviaProject\AviaProject.vcxproj", "{50BB1EB7-20E6-4556-BA8D-E26A4CBFC138}"
EndProject
Project("{8BC9CEB8-8B4A-11D0-8D11-00A0C91BC942}") = "ClientSide", "ClientSide\ClientSide.vcxproj", "{C098CE8B-4CCD-4626-9CD5-C03E0661441A}"
EndProject
Project("{8BC9CEB8-8B4A-11D0-8D11-00A0C91BC942}") = "AdminSide", "AdminSide\AdminSide.vcxproj", "{DA0D8F49-DDBF-4212-A5BB-FBE83CE85517}"
EndProject
Global
	GlobalSection(SolutionConfigurationPlatforms) = preSolution
		Debug|x64 = Debug|x64
		Debug|x86 = Debug|x86
		Release|x64 = Release|x64
		Release|x86 = Release|x86
	EndGlobalSection
	GlobalSection(ProjectConfigurationPlatforms) = postSolution
		{50BB1EB7-20E6-4556-BA8D-E26A4CBFC138}.Debug|x64.ActiveCfg = Debug|x64
		{50BB1EB7-20E6-4556-BA8D-E26A4CBFC138}.Debug|x64.Build.0 = Debug|x64
		{50BB1EB7-20E6-4556-BA8D-E26A4CBFC138}.Debug|x86.ActiveCfg = Debug|Win32
		{50BB1EB7-20E6-4556-BA8D-E26A4CBFC138}.Debug|x86.Build.0 = Debug|Win32
		{50BB1EB7-20E6-4556-BA8D-E26A4CBFC138}.Release|x64.ActiveCfg = Release|x64
		{50BB1EB7-20E6-4556-BA8D-E26A4CBFC138}.Release|x64.Build.0 = Release|x64
		{50BB1EB7-20E6-4556-BA8D-E26A4CBFC138}.Release|x86.ActiveCfg = Release|Win32
		{50BB1EB7-20E6-4556-BA8D-E26A4CBFC138}.Release|x86.Build.0 = Release|Win32
		{C098CE8B-4CCD-4626-9CD5-C03E0661441A}.Debug|x64.ActiveCfg = Debug|x64
		{C098CE8B-4CCD-4626-9CD5-C03E0661441A}.Debug|x64.Build.0 = Debug|x64
		{C098CE8B-4CCD-4626-9CD5-C03E0661441A}.Debug|x86.ActiveCfg = Debug|Win32
		{C098CE8B-4CCD-4626-9CD5-C03E0661441A}.Debug|x86.Build.0 = Debug|Win32
		{C098CE8B-4CCD-4626-9CD5-C03E0661441A}.Release|x64.ActiveCfg = Release|x64
		{C098CE8B-4CCD-4626-9CD5-C03E0661441A}.Release|x64.Build.0 = Release|x64
		{C098CE8B-4CCD-4626-9CD5-C03E0661441A}.Release|x86.ActiveCfg = Release|Win32
		{C098CE8B-4CCD-4626-9CD5-C03E0661441A}.Release|x86.Build.0 = Release|Win32
		{DA0D8F49-DDBF-4212-A5BB-FBE83CE85517}.Debug|x64.ActiveCfg = Debug|x64
		{DA0D8F49-DDBF-4212-A5BB-FBE83CE85517}.Debug|x64.Build.0 = Debug|x64
		{DA0D8F49-DDBF-4212-A5BB-FBE83CE85517}.Debug|x86.ActiveCfg = Debug|Win32
		{DA0D8F49-DDBF-4212-A5BB-FBE83CE85517}.Debug|x86.Build.0 = Debug|Win32
		{DA0D8F49-DDBF-4212-A5BB-FBE83CE85517}.Release|x64.ActiveCfg = Release|x64
		{DA0D8F49-DDBF-4212-A5BB-FBE83CE85517}.Release|x64.Build.0 = Release|x64
		{DA0D8F49-DDBF-4212-A5BB-FBE83CE85517}.Release|x86.ActiveCfg = Release|Win32
		{DA0D8F49-DDBF-4212-A5BB-FBE83CE85517}.Release|x86.Build.0 = Release|Win32
	EndGlobalSection
	GlobalSection(SolutionProperties) = preSolution
		HideSolutionNode = FALSE
	EndGlobalSection
	GlobalSection(ExtensibilityGlobals) = postSolution
		SolutionGuid = {84C6BE91-F481-4378-844E-DADAB955C94B}
	EndGlobalSection
EndGlobal
